
Microsoft Visual Studio Solution File, Format Version 12.00
# Visual Studio Version 17
VisualStudioVersion = 17.14.36623.8 d17.14
MinimumVisualStudioVersion = 10.0.40219.1
Project("{FAE04EC0-301F-11D3-BF4B-00C04F79EFBC}") = "ConsoleApp3", "ConsoleApp3\ConsoleApp3.csproj", "{1E347838-283A-44E5-9AF1-9A705C17E850}"
EndProject
Global
	GlobalSection(SolutionConfigurationPlatforms) = preSolution
		Debug|Any CPU = Debug|Any CPU
		Release|Any CPU = Release|Any CPU
	EndGlobalSection
	GlobalSection(ProjectConfigurationPlatforms) = postSolution
		{1E347838-283A-44E5-9AF1-9A705C17E850}.Debug|Any CPU.ActiveCfg = Debug|Any CPU
		{1E347838-283A-44E5-9AF1-9A705C17E850}.Debug|Any CPU.Build.0 = Debug|Any CPU
		{1E347838-283A-44E5-9AF1-9A705C17E850}.Release|Any CPU.ActiveCfg = Release|Any CPU
		{1E347838-283A-44E5-9AF1-9A705C17E850}.Release|Any CPU.Build.0 = Release|Any CPU
	EndGlobalSection
	GlobalSection(SolutionProperties) = preSolution
		HideSolutionNode = FALSE
	EndGlobalSection
	GlobalSection(ExtensibilityGlobals) = postSolution
		SolutionGuid = {4D4C8054-50F7-450C-A0D0-DAC3AADC6C0C}
	EndGlobalSection
EndGlobal
